<?xml version="1.0" encoding="utf-8"?>
<Project ToolsVersion="17.0" xmlns="http://schemas.microsoft.com/developer/msbuild/2003">
  <ItemGroup>
    <ClCompile Include="C:\Users\lz128\Desktop\Helianthus_New\Runtime\Logger\Logger.cpp">
      <Filter>Source Files</Filter>
    </ClCompile>
  </ItemGroup>
  <ItemGroup>
    <ClInclude Include="C:\Users\lz128\Desktop\Helianthus_New\Runtime\Logger\Logger.h">
      <Filter>Header Files</Filter>
    </ClInclude>
    <ClInclude Include="C:\Users\lz128\Desktop\Helianthus_New\Runtime\Logger\LoggerConfig.h">
      <Filter>Header Files</Filter>
    </ClInclude>
    <ClInclude Include="C:\Users\lz128\Desktop\Helianthus_New\Runtime\Logger\LogLevel.h">
      <Filter>Header Files</Filter>
    </ClInclude>
  </ItemGroup>
  <ItemGroup>
    <CustomBuild Include="C:\Users\lz128\Desktop\Helianthus_New\Runtime\Logger\CMakeLists.txt" />
  </ItemGroup>
  <ItemGroup>
    <Filter Include="Header Files">
      <UniqueIdentifier>{C28C557E-B4F4-3BCF-9F7D-44A23F4652D6}</UniqueIdentifier>
    </Filter>
    <Filter Include="Source Files">
      <UniqueIdentifier>{8ACAE39C-D60F-3616-B7F7-17BEB94FF8FC}</UniqueIdentifier>
    </Filter>
  </ItemGroup>
</Project>
