<?xml version="1.0" encoding="utf-8"?>
<Project ToolsVersion="17.0" xmlns="http://schemas.microsoft.com/developer/msbuild/2003">
  <ItemGroup>
    <CustomBuild Include="C:\Users\lz128\Desktop\Helianthus_New\Intermidate\CMakeFiles\37aa5da7d297c4b7c20cf95d72f9d91d\INSTALL_force.rule">
      <Filter>CMake Rules</Filter>
    </CustomBuild>
  </ItemGroup>
  <ItemGroup>
    <Filter Include="CMake Rules">
      <UniqueIdentifier>{0A87750E-F290-313A-9FD4-215E18B89118}</UniqueIdentifier>
    </Filter>
  </ItemGroup>
</Project>
